// !$*UTF8*$!
{
	archiveVersion = 1;
	classes = {
	};
	objectVersion = 46;
	objects = {

/* Begin PBXBuildFile section */
		C244E943171A9AB400DFA2C8 /* UIKit.framework in Frameworks */ = {isa = PBXBuildFile; fileRef = C244E942171A9AB400DFA2C8 /* UIKit.framework */; };
		C244E945171A9AB400DFA2C8 /* Foundation.framework in Frameworks */ = {isa = PBXBuildFile; fileRef = C244E944171A9AB400DFA2C8 /* Foundation.framework */; };
		C244E947171A9AB400DFA2C8 /* CoreGraphics.framework in Frameworks */ = {isa = PBXBuildFile; fileRef = C244E946171A9AB400DFA2C8 /* CoreGraphics.framework */; };
		C244E94D171A9AB400DFA2C8 /* InfoPlist.strings in Resources */ = {isa = PBXBuildFile; fileRef = C244E94B171A9AB400DFA2C8 /* InfoPlist.strings */; };
		C244E94F171A9AB400DFA2C8 /* main.m in Sources */ = {isa = PBXBuildFile; fileRef = C244E94E171A9AB400DFA2C8 /* main.m */; };
		C244E953171A9AB400DFA2C8 /* AppDelegate.m in Sources */ = {isa = PBXBuildFile; fileRef = C244E952171A9AB400DFA2C8 /* AppDelegate.m */; };
		C244E955171A9AB400DFA2C8 /* Default.png in Resources */ = {isa = PBXBuildFile; fileRef = C244E954171A9AB400DFA2C8 /* Default.png */; };
		C244E957171A9AB400DFA2C8 /* Default@2x.png in Resources */ = {isa = PBXBuildFile; fileRef = C244E956171A9AB400DFA2C8 /* Default@2x.png */; };
		C244E959171A9AB400DFA2C8 /* Default-568h@2x.png in Resources */ = {isa = PBXBuildFile; fileRef = C244E958171A9AB400DFA2C8 /* Default-568h@2x.png */; };
		C244E95C171A9AB400DFA2C8 /* MainStoryboard_iPhone.storyboard in Resources */ = {isa = PBXBuildFile; fileRef = C244E95A171A9AB400DFA2C8 /* MainStoryboard_iPhone.storyboard */; };
		C244E95F171A9AB400DFA2C8 /* MainStoryboard_iPad.storyboard in Resources */ = {isa = PBXBuildFile; fileRef = C244E95D171A9AB400DFA2C8 /* MainStoryboard_iPad.storyboard */; };
		C244E962171A9AB400DFA2C8 /* ViewController.m in Sources */ = {isa = PBXBuildFile; fileRef = C244E961171A9AB400DFA2C8 /* ViewController.m */; };
/* End PBXBuildFile section */

/* Begin PBXFileReference section */
		C244E93F171A9AB400DFA2C8 /* CalendarDateByAddingComponentsSample.app */ = {isa = PBXFileReference; explicitFileType = wrapper.application; includeInIndex = 0; path = CalendarDateByAddingComponentsSample.app; sourceTree = BUILT_PRODUCTS_DIR; };
		C244E942171A9AB400DFA2C8 /* UIKit.framework */ = {isa = PBXFileReference; lastKnownFileType = wrapper.framework; name = UIKit.framework; path = System/Library/Frameworks/UIKit.framework; sourceTree = SDKROOT; };
		C244E944171A9AB400DFA2C8 /* Foundation.framework */ = {isa = PBXFileReference; lastKnownFileType = wrapper.framework; name = Foundation.framework; path = System/Library/Frameworks/Foundation.framework; sourceTree = SDKROOT; };
		C244E946171A9AB400DFA2C8 /* CoreGraphics.framework */ = {isa = PBXFileReference; lastKnownFileType = wrapper.framework; name = CoreGraphics.framework; path = System/Library/Frameworks/CoreGraphics.framework; sourceTree = SDKROOT; };
		C244E94A171A9AB400DFA2C8 /* CalendarDateByAddingComponentsSample-Info.plist */ = {isa = PBXFileReference; lastKnownFileType = text.plist.xml; path = "CalendarDateByAddingComponentsSample-Info.plist"; sourceTree = "<group>"; };
		C244E94C171A9AB400DFA2C8 /* en */ = {isa = PBXFileReference; lastKnownFileType = text.plist.strings; name = en; path = en.lproj/InfoPlist.strings; sourceTree = "<group>"; };
		C244E94E171A9AB400DFA2C8 /* main.m */ = {isa = PBXFileReference; lastKnownFileType = sourcecode.c.objc; path = main.m; sourceTree = "<group>"; };
		C244E950171A9AB400DFA2C8 /* CalendarDateByAddingComponentsSample-Prefix.pch */ = {isa = PBXFileReference; lastKnownFileType = sourcecode.c.h; path = "CalendarDateByAddingComponentsSample-Prefix.pch"; sourceTree = "<group>"; };
		C244E951171A9AB400DFA2C8 /* AppDelegate.h */ = {isa = PBXFileReference; lastKnownFileType = sourcecode.c.h; path = AppDelegate.h; sourceTree = "<group>"; };
		C244E952171A9AB400DFA2C8 /* AppDelegate.m */ = {isa = PBXFileReference; lastKnownFileType = sourcecode.c.objc; path = AppDelegate.m; sourceTree = "<group>"; };
		C244E954171A9AB400DFA2C8 /* Default.png */ = {isa = PBXFileReference; lastKnownFileType = image.png; path = Default.png; sourceTree = "<group>"; };
		C244E956171A9AB400DFA2C8 /* Default@2x.png */ = {isa = PBXFileReference; lastKnownFileType = image.png; path = "Default@2x.png"; sourceTree = "<group>"; };
		C244E958171A9AB400DFA2C8 /* Default-568h@2x.png */ = {isa = PBXFileReference; lastKnownFileType = image.png; path = "Default-568h@2x.png"; sourceTree = "<group>"; };
		C244E95B171A9AB400DFA2C8 /* en */ = {isa = PBXFileReference; lastKnownFileType = file.storyboard; name = en; path = en.lproj/MainStoryboard_iPhone.storyboard; sourceTree = "<group>"; };
		C244E95E171A9AB400DFA2C8 /* en */ = {isa = PBXFileReference; lastKnownFileType = file.storyboard; name = en; path = en.lproj/MainStoryboard_iPad.storyboard; sourceTree = "<group>"; };
		C244E960171A9AB400DFA2C8 /* ViewController.h */ = {isa = PBXFileReference; lastKnownFileType = sourcecode.c.h; path = ViewController.h; sourceTree = "<group>"; };
		C244E961171A9AB400DFA2C8 /* ViewController.m */ = {isa = PBXFileReference; lastKnownFileType = sourcecode.c.objc; path = ViewController.m; sourceTree = "<group>"; };
/* End PBXFileReference section */

/* Begin PBXFrameworksBuildPhase section */
		C244E93C171A9AB400DFA2C8 /* Frameworks */ = {
			isa = PBXFrameworksBuildPhase;
			buildActionMask = 2147483647;
			files = (
				C244E943171A9AB400DFA2C8 /* UIKit.framework in Frameworks */,
				C244E945171A9AB400DFA2C8 /* Foundation.framework in Frameworks */,
				C244E947171A9AB400DFA2C8 /* CoreGraphics.framework in Frameworks */,
			);
			runOnlyForDeploymentPostprocessing = 0;
		};
/* End PBXFrameworksBuildPhase section */

/* Begin PBXGroup section */
		C244E936171A9AB400DFA2C8 = {
			isa = PBXGroup;
			children = (
				C244E948171A9AB400DFA2C8 /* CalendarDateByAddingComponentsSample */,
				C244E941171A9AB400DFA2C8 /* Frameworks */,
				C244E940171A9AB400DFA2C8 /* Products */,
			);
			sourceTree = "<group>";
		};
		C244E940171A9AB400DFA2C8 /* Products */ = {
			isa = PBXGroup;
			children = (
				C244E93F171A9AB400DFA2C8 /* CalendarDateByAddingComponentsSample.app */,
			);
			name = Products;
			sourceTree = "<group>";
		};
		C244E941171A9AB400DFA2C8 /* Frameworks */ = {
			isa = PBXGroup;
			children = (
				C244E942171A9AB400DFA2C8 /* UIKit.framework */,
				C244E944171A9AB400DFA2C8 /* Foundation.framework */,
				C244E946171A9AB400DFA2C8 /* CoreGraphics.framework */,
			);
			name = Frameworks;
			sourceTree = "<group>";
		};
		C244E948171A9AB400DFA2C8 /* CalendarDateByAddingComponentsSample */ = {
			isa = PBXGroup;
			children = (
				C244E951171A9AB400DFA2C8 /* AppDelegate.h */,
				C244E952171A9AB400DFA2C8 /* AppDelegate.m */,
				C244E95A171A9AB400DFA2C8 /* MainStoryboard_iPhone.storyboard */,
				C244E95D171A9AB400DFA2C8 /* MainStoryboard_iPad.storyboard */,
				C244E960171A9AB400DFA2C8 /* ViewController.h */,
				C244E961171A9AB400DFA2C8 /* ViewController.m */,
				C244E949171A9AB400DFA2C8 /* Supporting Files */,
			);
			path = CalendarDateByAddingComponentsSample;
			sourceTree = "<group>";
		};
		C244E949171A9AB400DFA2C8 /* Supporting Files */ = {
			isa = PBXGroup;
			children = (
				C244E94A171A9AB400DFA2C8 /* CalendarDateByAddingComponentsSample-Info.plist */,
				C244E94B171A9AB400DFA2C8 /* InfoPlist.strings */,
				C244E94E171A9AB400DFA2C8 /* main.m */,
				C244E950171A9AB400DFA2C8 /* CalendarDateByAddingComponentsSample-Prefix.pch */,
				C244E954171A9AB400DFA2C8 /* Default.png */,
				C244E956171A9AB400DFA2C8 /* Default@2x.png */,
				C244E958171A9AB400DFA2C8 /* Default-568h@2x.png */,
			);
			name = "Supporting Files";
			sourceTree = "<group>";
		};
/* End PBXGroup section */

/* Begin PBXNativeTarget section */
		C244E93E171A9AB400DFA2C8 /* CalendarDateByAddingComponentsSample */ = {
			isa = PBXNativeTarget;
			buildConfigurationList = C244E965171A9AB400DFA2C8 /* Build configuration list for PBXNativeTarget "CalendarDateByAddingComponentsSample" */;
			buildPhases = (
				C244E93B171A9AB400DFA2C8 /* Sources */,
				C244E93C171A9AB400DFA2C8 /* Frameworks */,
				C244E93D171A9AB400DFA2C8 /* Resources */,
			);
			buildRules = (
			);
			dependencies = (
			);
			name = CalendarDateByAddingComponentsSample;
			productName = CalendarDateByAddingComponentsSample;
			productReference = C244E93F171A9AB400DFA2C8 /* CalendarDateByAddingComponentsSample.app */;
			productType = "com.apple.product-type.application";
		};
/* End PBXNativeTarget section */

/* Begin PBXProject section */
		C244E937171A9AB400DFA2C8 /* Project object */ = {
			isa = PBXProject;
			attributes = {
				LastUpgradeCheck = 0460;
				ORGANIZATIONNAME = Dolice;
			};
			buildConfigurationList = C244E93A171A9AB400DFA2C8 /* Build configuration list for PBXProject "CalendarDateByAddingComponentsSample" */;
			compatibilityVersion = "Xcode 3.2";
			developmentRegion = English;
			hasScannedForEncodings = 0;
			knownRegions = (
				en,
			);
			mainGroup = C244E936171A9AB400DFA2C8;
			productRefGroup = C244E940171A9AB400DFA2C8 /* Products */;
			projectDirPath = "";
			projectRoot = "";
			targets = (
				C244E93E171A9AB400DFA2C8 /* CalendarDateByAddingComponentsSample */,
			);
		};
/* End PBXProject section */

/* Begin PBXResourcesBuildPhase section */
		C244E93D171A9AB400DFA2C8 /* Resources */ = {
			isa = PBXResourcesBuildPhase;
			buildActionMask = 2147483647;
			files = (
				C244E94D171A9AB400DFA2C8 /* InfoPlist.strings in Resources */,
				C244E955171A9AB400DFA2C8 /* Default.png in Resources */,
				C244E957171A9AB400DFA2C8 /* Default@2x.png in Resources */,
				C244E959171A9AB400DFA2C8 /* Default-568h@2x.png in Resources */,
				C244E95C171A9AB400DFA2C8 /* MainStoryboard_iPhone.storyboard in Resources */,
				C244E95F171A9AB400DFA2C8 /* MainStoryboard_iPad.storyboard in Resources */,
			);
			runOnlyForDeploymentPostprocessing = 0;
		};
/* End PBXResourcesBuildPhase section */

/* Begin PBXSourcesBuildPhase section */
		C244E93B171A9AB400DFA2C8 /* Sources */ = {
			isa = PBXSourcesBuildPhase;
			buildActionMask = 2147483647;
			files = (
				C244E94F171A9AB400DFA2C8 /* main.m in Sources */,
				C244E953171A9AB400DFA2C8 /* AppDelegate.m in Sources */,
				C244E962171A9AB400DFA2C8 /* ViewController.m in Sources */,
			);
			runOnlyForDeploymentPostprocessing = 0;
		};
/* End PBXSourcesBuildPhase section */

/* Begin PBXVariantGroup section */
		C244E94B171A9AB400DFA2C8 /* InfoPlist.strings */ = {
			isa = PBXVariantGroup;
			children = (
				C244E94C171A9AB400DFA2C8 /* en */,
			);
			name = InfoPlist.strings;
			sourceTree = "<group>";
		};
		C244E95A171A9AB400DFA2C8 /* MainStoryboard_iPhone.storyboard */ = {
			isa = PBXVariantGroup;
			children = (
				C244E95B171A9AB400DFA2C8 /* en */,
			);
			name = MainStoryboard_iPhone.storyboard;
			sourceTree = "<group>";
		};
		C244E95D171A9AB400DFA2C8 /* MainStoryboard_iPad.storyboard */ = {
			isa = PBXVariantGroup;
			children = (
				C244E95E171A9AB400DFA2C8 /* en */,
			);
			name = MainStoryboard_iPad.storyboard;
			sourceTree = "<group>";
		};
/* End PBXVariantGroup section */

/* Begin XCBuildConfiguration section */
		C244E963171A9AB400DFA2C8 /* Debug */ = {
			isa = XCBuildConfiguration;
			buildSettings = {
				ALWAYS_SEARCH_USER_PATHS = NO;
				CLANG_CXX_LANGUAGE_STANDARD = "gnu++0x";
				CLANG_CXX_LIBRARY = "libc++";
				CLANG_ENABLE_OBJC_ARC = YES;
				CLANG_WARN_CONSTANT_CONVERSION = YES;
				CLANG_WARN_EMPTY_BODY = YES;
				CLANG_WARN_ENUM_CONVERSION = YES;
				CLANG_WARN_INT_CONVERSION = YES;
				CLANG_WARN__DUPLICATE_METHOD_MATCH = YES;
				"CODE_SIGN_IDENTITY[sdk=iphoneos*]" = "iPhone Developer";
				COPY_PHASE_STRIP = NO;
				GCC_C_LANGUAGE_STANDARD = gnu99;
				GCC_DYNAMIC_NO_PIC = NO;
				GCC_OPTIMIZATION_LEVEL = 0;
				GCC_PREPROCESSOR_DEFINITIONS = (
					"DEBUG=1",
					"$(inherited)",
				);
				GCC_SYMBOLS_PRIVATE_EXTERN = NO;
				GCC_WARN_ABOUT_RETURN_TYPE = YES;
				GCC_WARN_UNINITIALIZED_AUTOS = YES;
				GCC_WARN_UNUSED_VARIABLE = YES;
				IPHONEOS_DEPLOYMENT_TARGET = 6.1;
				ONLY_ACTIVE_ARCH = YES;
				SDKROOT = iphoneos;
				TARGETED_DEVICE_FAMILY = "1,2";
			};
			name = Debug;
		};
		C244E964171A9AB400DFA2C8 /* Release */ = {
			isa = XCBuildConfiguration;
			buildSettings = {
				ALWAYS_SEARCH_USER_PATHS = NO;
				CLANG_CXX_LANGUAGE_STANDARD = "gnu++0x";
				CLANG_CXX_LIBRARY = "libc++";
				CLANG_ENABLE_OBJC_ARC = YES;
				CLANG_WARN_CONSTANT_CONVERSION = YES;
				CLANG_WARN_EMPTY_BODY = YES;
				CLANG_WARN_ENUM_CONVERSION = YES;
				CLANG_WARN_INT_CONVERSION = YES;
				CLANG_WARN__DUPLICATE_METHOD_MATCH = YES;
				"CODE_SIGN_IDENTITY[sdk=iphoneos*]" = "iPhone Developer";
				COPY_PHASE_STRIP = YES;
				GCC_C_LANGUAGE_STANDARD = gnu99;
				GCC_WARN_ABOUT_RETURN_TYPE = YES;
				GCC_WARN_UNINITIALIZED_AUTOS = YES;
				GCC_WARN_UNUSED_VARIABLE = YES;
				IPHONEOS_DEPLOYMENT_TARGET = 6.1;
				OTHER_CFLAGS = "-DNS_BLOCK_ASSERTIONS=1";
				SDKROOT = iphoneos;
				TARGETED_DEVICE_FAMILY = "1,2";
				VALIDATE_PRODUCT = YES;
			};
			name = Release;
		};
		C244E966171A9AB400DFA2C8 /* Debug */ = {
			isa = XCBuildConfiguration;
			buildSettings = {
				GCC_PRECOMPILE_PREFIX_HEADER = YES;
				GCC_PREFIX_HEADER = "CalendarDateByAddingComponentsSample/CalendarDateByAddingComponentsSample-Prefix.pch";
				INFOPLIST_FILE = "CalendarDateByAddingComponentsSample/CalendarDateByAddingComponentsSample-Info.plist";
				PRODUCT_NAME = "$(TARGET_NAME)";
				WRAPPER_EXTENSION = app;
			};
			name = Debug;
		};
		C244E967171A9AB400DFA2C8 /* Release */ = {
			isa = XCBuildConfiguration;
			buildSettings = {
				GCC_PRECOMPILE_PREFIX_HEADER = YES;
				GCC_PREFIX_HEADER = "CalendarDateByAddingComponentsSample/CalendarDateByAddingComponentsSample-Prefix.pch";
				INFOPLIST_FILE = "CalendarDateByAddingComponentsSample/CalendarDateByAddingComponentsSample-Info.plist";
				PRODUCT_NAME = "$(TARGET_NAME)";
				WRAPPER_EXTENSION = app;
			};
			name = Release;
		};
/* End XCBuildConfiguration section */

/* Begin XCConfigurationList section */
		C244E93A171A9AB400DFA2C8 /* Build configuration list for PBXProject "CalendarDateByAddingComponentsSample" */ = {
			isa = XCConfigurationList;
			buildConfigurations = (
				C244E963171A9AB400DFA2C8 /* Debug */,
				C244E964171A9AB400DFA2C8 /* Release */,
			);
			defaultConfigurationIsVisible = 0;
			defaultConfigurationName = Release;
		};
		C244E965171A9AB400DFA2C8 /* Build configuration list for PBXNativeTarget "CalendarDateByAddingComponentsSample" */ = {
			isa = XCConfigurationList;
			buildConfigurations = (
				C244E966171A9AB400DFA2C8 /* Debug */,
				C244E967171A9AB400DFA2C8 /* Release */,
			);
			defaultConfigurationIsVisible = 0;
		};
/* End XCConfigurationList section */
	};
	rootObject = C244E937171A9AB400DFA2C8 /* Project object */;
}
